<?xml version="1.0" encoding="utf-8"?>
<Project ToolsVersion="4.0" xmlns="http://schemas.microsoft.com/developer/msbuild/2003">
  <ItemGroup>
    <Filter Include="Source">
      <UniqueIdentifier>{7972d154-e9e8-4975-957e-993b13cf2ff7}</UniqueIdentifier>
    </Filter>
  </ItemGroup>
  <ItemGroup>
    <ClCompile Include="Source\AoActor.cpp">
      <Filter>Source</Filter>
    </ClCompile>
    <ClCompile Include="Source\AoWindow.cpp">
      <Filter>Source</Filter>
    </ClCompile>
    <ClCompile Include="Source\AoRenderer.cpp">
      <Filter>Source</Filter>
    </ClCompile>
    <ClCompile Include="Source\AoLevel.cpp">
      <Filter>Source</Filter>
    </ClCompile>
    <ClCompile Include="Source\AoEntryPoint.cpp">
      <Filter>Source</Filter>
    </ClCompile>
    <ClCompile Include="Source\AoComponent.cpp">
      <Filter>Source</Filter>
    </ClCompile>
    <ClCompile Include="Source\AoVector.cpp">
      <Filter>Source</Filter>
    </ClCompile>
    <ClCompile Include="Source\AoRenderComponent.cpp">
      <Filter>Source</Filter>
    </ClCompile>
    <ClCompile Include="Source\AoApplication.cpp">
      <Filter>Source</Filter>
    </ClCompile>
    <ClCompile Include="Source\WinProc.cpp">
      <Filter>Source</Filter>
    </ClCompile>
    <ClCompile Include="Source\AoViewport.cpp">
      <Filter>Source</Filter>
    </ClCompile>
    <ClCompile Include="Source\AoMatrix4x4.cpp">
      <Filter>Source</Filter>
    </ClCompile>
    <ClCompile Include="Source\AoVector4.cpp">
      <Filter>Source</Filter>
    </ClCompile>
    <ClCompile Include="Source\AoInputLayouts.cpp">
      <Filter>Source</Filter>
    </ClCompile>
    <ClCompile Include="Source\AoVector2.cpp">
      <Filter>Source</Filter>
    </ClCompile>
    <ClCompile Include="Source\AoAsset.cpp">
      <Filter>Source</Filter>
    </ClCompile>
    <ClCompile Include="Source\AoAssetManager.cpp">
      <Filter>Source</Filter>
    </ClCompile>
  </ItemGroup>
  <ItemGroup>
    <ClInclude Include="Source\AoWindow.h">
      <Filter>Source</Filter>
    </ClInclude>
    <ClInclude Include="Source\AoRenderer.h">
      <Filter>Source</Filter>
    </ClInclude>
    <ClInclude Include="Source\AoComponent.h">
      <Filter>Source</Filter>
    </ClInclude>
    <ClInclude Include="Source\AoActor.h">
      <Filter>Source</Filter>
    </ClInclude>
    <ClInclude Include="Source\WindowsInc.h">
      <Filter>Source</Filter>
    </ClInclude>
    <ClInclude Include="Source\AoLevel.h">
      <Filter>Source</Filter>
    </ClInclude>
    <ClInclude Include="Source\AoVector.h">
      <Filter>Source</Filter>
    </ClInclude>
    <ClInclude Include="Source\AoApplication.h">
      <Filter>Source</Filter>
    </ClInclude>
    <ClInclude Include="Source\AoRenderComponent.h">
      <Filter>Source</Filter>
    </ClInclude>
    <ClInclude Include="Source\AoViewport.h">
      <Filter>Source</Filter>
    </ClInclude>
    <ClInclude Include="Source\WinProc.h">
      <Filter>Source</Filter>
    </ClInclude>
    <ClInclude Include="Source\AoMatrix4x4.h">
      <Filter>Source</Filter>
    </ClInclude>
    <ClInclude Include="Source\AoMath.h">
      <Filter>Source</Filter>
    </ClInclude>
    <ClInclude Include="Source\AoVector4.h">
      <Filter>Source</Filter>
    </ClInclude>
    <ClInclude Include="Source\AoVertex.h">
      <Filter>Source</Filter>
    </ClInclude>
    <ClInclude Include="Source\AoInputLayouts.h">
      <Filter>Source</Filter>
    </ClInclude>
    <ClInclude Include="Source\AoMaterial.h">
      <Filter>Source</Filter>
    </ClInclude>
    <ClInclude Include="Source\AoVector2.h">
      <Filter>Source</Filter>
    </ClInclude>
    <ClInclude Include="Source\DirectXInc.h">
      <Filter>Source</Filter>
    </ClInclude>
    <ClInclude Include="Source\D3DX11Effect.h">
      <Filter>Source</Filter>
    </ClInclude>
    <ClInclude Include="Source\AoAsset.h">
      <Filter>Source</Filter>
    </ClInclude>
    <ClInclude Include="Source\AoAssetManager.h">
      <Filter>Source</Filter>
    </ClInclude>
    <ClInclude Include="Source\AoPtrWrapper.hpp">
      <Filter>Source</Filter>
    </ClInclude>
  </ItemGroup>
</Project>