<?xml version="1.0" encoding="utf-8"?>
<Project ToolsVersion="4.0" xmlns="http://schemas.microsoft.com/developer/msbuild/2003">
  <ItemGroup>
    <Filter Include="Source">
      <UniqueIdentifier>{7972d154-e9e8-4975-957e-993b13cf2ff7}</UniqueIdentifier>
    </Filter>
    <Filter Include="Source\Core">
      <UniqueIdentifier>{ef52f50c-66f1-4dc0-b003-7796310e6200}</UniqueIdentifier>
    </Filter>
    <Filter Include="Source\Core\Rendering">
      <UniqueIdentifier>{836a02b3-c190-4b25-9afb-20d93f0b514d}</UniqueIdentifier>
    </Filter>
    <Filter Include="Source\ThirdParty">
      <UniqueIdentifier>{bd092cdb-1808-40d6-88b4-c246c69ff96d}</UniqueIdentifier>
    </Filter>
    <Filter Include="Source\ThirdParty\assimp">
      <UniqueIdentifier>{78c778f5-6c46-4942-a0f4-bdac2ca6e956}</UniqueIdentifier>
    </Filter>
    <Filter Include="Source\ThirdParty\Effects11">
      <UniqueIdentifier>{57c742b3-34d1-4489-b05c-c145f8175b3b}</UniqueIdentifier>
    </Filter>
    <Filter Include="Source\Core\Asset">
      <UniqueIdentifier>{ee322377-1ec5-4829-971b-c54f000db3b3}</UniqueIdentifier>
    </Filter>
    <Filter Include="Source\ThirdParty\WICTextureLoader">
      <UniqueIdentifier>{909718ab-791a-4ac8-a27e-3e32a1f42ddc}</UniqueIdentifier>
    </Filter>
    <Filter Include="Source\ThirdParty\DDSTextureLoader">
      <UniqueIdentifier>{24911748-93e0-4390-99a0-3a99e45b5f7f}</UniqueIdentifier>
    </Filter>
    <Filter Include="Source\ThirdParty\TinyXML2">
      <UniqueIdentifier>{a91cabce-1707-4b5d-946d-0bd0d33c9c09}</UniqueIdentifier>
    </Filter>
    <Filter Include="Source\Core\Game">
      <UniqueIdentifier>{13eb0638-4c09-413e-b344-75718107af83}</UniqueIdentifier>
    </Filter>
    <Filter Include="Source\Core\Math">
      <UniqueIdentifier>{3757588e-953c-49c8-91ba-1c11d6941529}</UniqueIdentifier>
    </Filter>
    <Filter Include="Source\Core\Utility">
      <UniqueIdentifier>{b69fbf67-c6b0-4372-85a6-a144a3417783}</UniqueIdentifier>
    </Filter>
    <Filter Include="Assets">
      <UniqueIdentifier>{6035f492-213e-4ebb-acf1-c7e4c382fdb1}</UniqueIdentifier>
    </Filter>
    <Filter Include="Source\Tests">
      <UniqueIdentifier>{0eab55d5-0e96-417b-a511-e3906fbfcbf7}</UniqueIdentifier>
    </Filter>
    <Filter Include="Assets\Models">
      <UniqueIdentifier>{4cf14515-cfc4-4b25-9ac2-9fa7f681ae99}</UniqueIdentifier>
    </Filter>
    <Filter Include="Assets\Materials">
      <UniqueIdentifier>{d98b4c4f-146e-4eb7-a349-d7f2c8e11d30}</UniqueIdentifier>
    </Filter>
    <Filter Include="Assets\Shaders">
      <UniqueIdentifier>{a7c7dc15-8056-4cb8-99cf-3cb17eb8f001}</UniqueIdentifier>
    </Filter>
    <Filter Include="Source\Core\Rendering\Material Property">
      <UniqueIdentifier>{d103d929-a35f-4708-b3dc-96b8c81f1631}</UniqueIdentifier>
    </Filter>
    <Filter Include="Source\Core\Utility\Profiler">
      <UniqueIdentifier>{3fc3a687-aa51-407d-a0a6-4be350ad0c78}</UniqueIdentifier>
    </Filter>
    <Filter Include="Source\Core\Utility\Logger">
      <UniqueIdentifier>{e84d8669-eeaf-4ce0-af40-6b11c280ba6f}</UniqueIdentifier>
    </Filter>
    <Filter Include="Source\Core\Utility\Time">
      <UniqueIdentifier>{287471e1-ac25-47ec-86b3-7f8cf4f5719a}</UniqueIdentifier>
    </Filter>
    <Filter Include="Source\Core\Application">
      <UniqueIdentifier>{0174c951-71fa-4ef1-a724-a8e98605274e}</UniqueIdentifier>
    </Filter>
  </ItemGroup>
  <ItemGroup>
    <ClCompile Include="Source\AoEntryPoint.cpp">
      <Filter>Source</Filter>
    </ClCompile>
    <ClCompile Include="Source\AoVector4.cpp">
      <Filter>Source\Core\Math</Filter>
    </ClCompile>
    <ClCompile Include="Source\AoVector2.cpp">
      <Filter>Source\Core\Math</Filter>
    </ClCompile>
    <ClCompile Include="Source\AoVector.cpp">
      <Filter>Source\Core\Math</Filter>
    </ClCompile>
    <ClCompile Include="Source\AoMatrix4x4.cpp">
      <Filter>Source\Core\Math</Filter>
    </ClCompile>
    <ClCompile Include="Source\AoRenderer.cpp">
      <Filter>Source\Core\Rendering</Filter>
    </ClCompile>
    <ClCompile Include="Source\AoViewport.cpp">
      <Filter>Source\Core\Rendering</Filter>
    </ClCompile>
    <ClCompile Include="Source\AoInputLayouts.cpp">
      <Filter>Source\Core\Rendering</Filter>
    </ClCompile>
    <ClCompile Include="Source\AoActor.cpp">
      <Filter>Source\Core\Game</Filter>
    </ClCompile>
    <ClCompile Include="Source\AoComponent.cpp">
      <Filter>Source\Core\Game</Filter>
    </ClCompile>
    <ClCompile Include="Source\AoRenderComponent.cpp">
      <Filter>Source\Core\Game</Filter>
    </ClCompile>
    <ClCompile Include="Source\AoAsset.cpp">
      <Filter>Source\Core\Asset</Filter>
    </ClCompile>
    <ClCompile Include="Source\AoAssetFactory.cpp">
      <Filter>Source\Core\Asset</Filter>
    </ClCompile>
    <ClCompile Include="Source\AoAssetManager.cpp">
      <Filter>Source\Core\Asset</Filter>
    </ClCompile>
    <ClCompile Include="Source\AoLevel.cpp">
      <Filter>Source\Core\Game</Filter>
    </ClCompile>
    <ClCompile Include="..\ThirdParty\WICTextureLoader\WICTextureLoader.cpp">
      <Filter>Source\ThirdParty\WICTextureLoader</Filter>
    </ClCompile>
    <ClCompile Include="..\ThirdParty\DDSTextureLoader\DDSTextureLoader.cpp">
      <Filter>Source\ThirdParty\DDSTextureLoader</Filter>
    </ClCompile>
    <ClCompile Include="Source\AoTransform.cpp">
      <Filter>Source\Core\Game</Filter>
    </ClCompile>
    <ClCompile Include="Source\AoMesh.cpp">
      <Filter>Source\Core\Rendering</Filter>
    </ClCompile>
    <ClCompile Include="Source\AoTexture2D.cpp">
      <Filter>Source\Core\Asset</Filter>
    </ClCompile>
    <ClCompile Include="Source\AoModel.cpp">
      <Filter>Source\Core\Asset</Filter>
    </ClCompile>
    <ClCompile Include="Source\AoShader.cpp">
      <Filter>Source\Core\Asset</Filter>
    </ClCompile>
    <ClCompile Include="Source\AoMeshRenderComponent.cpp">
      <Filter>Source\Core\Game</Filter>
    </ClCompile>
    <ClCompile Include="Source\AoCameraComponent.cpp">
      <Filter>Source\Core\Game</Filter>
    </ClCompile>
    <ClCompile Include="Source\AoMaterial.cpp">
      <Filter>Source\Core\Asset</Filter>
    </ClCompile>
    <ClCompile Include="..\ThirdParty\TinyXML2\tinyxml2.cpp">
      <Filter>Source\ThirdParty\TinyXML2</Filter>
    </ClCompile>
    <ClCompile Include="Source\AoGenericVertex.cpp">
      <Filter>Source\Core\Rendering</Filter>
    </ClCompile>
    <ClCompile Include="Source\AoStringUtility.cpp">
      <Filter>Source\Core\Utility</Filter>
    </ClCompile>
    <ClCompile Include="Source\AoLight.cpp">
      <Filter>Source\Core\Rendering</Filter>
    </ClCompile>
    <ClCompile Include="Source\AoLightComponent.cpp">
      <Filter>Source\Core\Game</Filter>
    </ClCompile>
    <ClCompile Include="Source\AoLightManager.cpp">
      <Filter>Source\Core\Rendering</Filter>
    </ClCompile>
    <ClCompile Include="Source\AoMaterialBoolProperty.cpp">
      <Filter>Source\Core\Rendering\Material Property</Filter>
    </ClCompile>
    <ClCompile Include="Source\AoMaterialData.cpp">
      <Filter>Source\Core\Rendering\Material Property</Filter>
    </ClCompile>
    <ClCompile Include="Source\AoMaterialFloatProperty.cpp">
      <Filter>Source\Core\Rendering\Material Property</Filter>
    </ClCompile>
    <ClCompile Include="Source\AoMaterialIntProperty.cpp">
      <Filter>Source\Core\Rendering\Material Property</Filter>
    </ClCompile>
    <ClCompile Include="Source\AoMaterialMatrixProperty.cpp">
      <Filter>Source\Core\Rendering\Material Property</Filter>
    </ClCompile>
    <ClCompile Include="Source\AoMaterialProperty.cpp">
      <Filter>Source\Core\Rendering\Material Property</Filter>
    </ClCompile>
    <ClCompile Include="Source\AoMaterialTextureProperty.cpp">
      <Filter>Source\Core\Rendering\Material Property</Filter>
    </ClCompile>
    <ClCompile Include="Source\AoMaterialVectorProperty.cpp">
      <Filter>Source\Core\Rendering\Material Property</Filter>
    </ClCompile>
    <ClCompile Include="Source\AoTestLevel.cpp">
      <Filter>Source\Tests</Filter>
    </ClCompile>
    <ClCompile Include="Source\AoProfiler.cpp">
      <Filter>Source\Core\Utility\Profiler</Filter>
    </ClCompile>
    <ClCompile Include="Source\AoProfileSample.cpp">
      <Filter>Source\Core\Utility\Profiler</Filter>
    </ClCompile>
    <ClCompile Include="Source\AoLogger.cpp">
      <Filter>Source\Core\Utility\Logger</Filter>
    </ClCompile>
    <ClCompile Include="Source\AoTimeManager.cpp">
      <Filter>Source\Core\Utility\Time</Filter>
    </ClCompile>
    <ClCompile Include="Source\AoApplication.cpp">
      <Filter>Source\Core\Application</Filter>
    </ClCompile>
    <ClCompile Include="Source\AoWindow.cpp">
      <Filter>Source\Core\Application</Filter>
    </ClCompile>
    <ClCompile Include="Source\WinProc.cpp">
      <Filter>Source\Core\Application</Filter>
    </ClCompile>
    <ClCompile Include="Source\AoMaterialManager.cpp">
      <Filter>Source\Core\Rendering</Filter>
    </ClCompile>
    <ClCompile Include="Source\AoTestActor.cpp">
      <Filter>Source\Tests</Filter>
    </ClCompile>
  </ItemGroup>
  <ItemGroup>
    <ClInclude Include="Source\AoVector4.h">
      <Filter>Source\Core\Math</Filter>
    </ClInclude>
    <ClInclude Include="Source\AoVector2.h">
      <Filter>Source\Core\Math</Filter>
    </ClInclude>
    <ClInclude Include="Source\AoVector.h">
      <Filter>Source\Core\Math</Filter>
    </ClInclude>
    <ClInclude Include="Source\AoMatrix4x4.h">
      <Filter>Source\Core\Math</Filter>
    </ClInclude>
    <ClInclude Include="Source\AoMath.h">
      <Filter>Source\Core\Math</Filter>
    </ClInclude>
    <ClInclude Include="Source\AoRenderer.h">
      <Filter>Source\Core\Rendering</Filter>
    </ClInclude>
    <ClInclude Include="Source\AoViewport.h">
      <Filter>Source\Core\Rendering</Filter>
    </ClInclude>
    <ClInclude Include="Source\AoInputLayouts.h">
      <Filter>Source\Core\Rendering</Filter>
    </ClInclude>
    <ClInclude Include="Source\DirectXInc.h">
      <Filter>Source\Core\Rendering</Filter>
    </ClInclude>
    <ClInclude Include="Source\AoRenderComponent.h">
      <Filter>Source\Core\Game</Filter>
    </ClInclude>
    <ClInclude Include="Source\AoActor.h">
      <Filter>Source\Core\Game</Filter>
    </ClInclude>
    <ClInclude Include="Source\AoComponent.h">
      <Filter>Source\Core\Game</Filter>
    </ClInclude>
    <ClInclude Include="..\ThirdParty\assimp\include\ai_assert.h">
      <Filter>Source\ThirdParty\assimp</Filter>
    </ClInclude>
    <ClInclude Include="..\ThirdParty\assimp\include\anim.h">
      <Filter>Source\ThirdParty\assimp</Filter>
    </ClInclude>
    <ClInclude Include="..\ThirdParty\assimp\include\camera.h">
      <Filter>Source\ThirdParty\assimp</Filter>
    </ClInclude>
    <ClInclude Include="..\ThirdParty\assimp\include\cexport.h">
      <Filter>Source\ThirdParty\assimp</Filter>
    </ClInclude>
    <ClInclude Include="..\ThirdParty\assimp\include\cfileio.h">
      <Filter>Source\ThirdParty\assimp</Filter>
    </ClInclude>
    <ClInclude Include="..\ThirdParty\assimp\include\cimport.h">
      <Filter>Source\ThirdParty\assimp</Filter>
    </ClInclude>
    <ClInclude Include="..\ThirdParty\assimp\include\color4.h">
      <Filter>Source\ThirdParty\assimp</Filter>
    </ClInclude>
    <ClInclude Include="..\ThirdParty\assimp\include\Compiler\poppack1.h">
      <Filter>Source\ThirdParty\assimp</Filter>
    </ClInclude>
    <ClInclude Include="..\ThirdParty\assimp\include\Compiler\pstdint.h">
      <Filter>Source\ThirdParty\assimp</Filter>
    </ClInclude>
    <ClInclude Include="..\ThirdParty\assimp\include\Compiler\pushpack1.h">
      <Filter>Source\ThirdParty\assimp</Filter>
    </ClInclude>
    <ClInclude Include="..\ThirdParty\assimp\include\config.h">
      <Filter>Source\ThirdParty\assimp</Filter>
    </ClInclude>
    <ClInclude Include="..\ThirdParty\assimp\include\DefaultLogger.hpp">
      <Filter>Source\ThirdParty\assimp</Filter>
    </ClInclude>
    <ClInclude Include="..\ThirdParty\assimp\include\defs.h">
      <Filter>Source\ThirdParty\assimp</Filter>
    </ClInclude>
    <ClInclude Include="..\ThirdParty\assimp\include\Exporter.hpp">
      <Filter>Source\ThirdParty\assimp</Filter>
    </ClInclude>
    <ClInclude Include="..\ThirdParty\assimp\include\Importer.hpp">
      <Filter>Source\ThirdParty\assimp</Filter>
    </ClInclude>
    <ClInclude Include="..\ThirdParty\assimp\include\importerdesc.h">
      <Filter>Source\ThirdParty\assimp</Filter>
    </ClInclude>
    <ClInclude Include="..\ThirdParty\assimp\include\IOStream.hpp">
      <Filter>Source\ThirdParty\assimp</Filter>
    </ClInclude>
    <ClInclude Include="..\ThirdParty\assimp\include\IOSystem.hpp">
      <Filter>Source\ThirdParty\assimp</Filter>
    </ClInclude>
    <ClInclude Include="..\ThirdParty\assimp\include\light.h">
      <Filter>Source\ThirdParty\assimp</Filter>
    </ClInclude>
    <ClInclude Include="..\ThirdParty\assimp\include\Logger.hpp">
      <Filter>Source\ThirdParty\assimp</Filter>
    </ClInclude>
    <ClInclude Include="..\ThirdParty\assimp\include\LogStream.hpp">
      <Filter>Source\ThirdParty\assimp</Filter>
    </ClInclude>
    <ClInclude Include="..\ThirdParty\assimp\include\material.h">
      <Filter>Source\ThirdParty\assimp</Filter>
    </ClInclude>
    <ClInclude Include="..\ThirdParty\assimp\include\matrix3x3.h">
      <Filter>Source\ThirdParty\assimp</Filter>
    </ClInclude>
    <ClInclude Include="..\ThirdParty\assimp\include\matrix4x4.h">
      <Filter>Source\ThirdParty\assimp</Filter>
    </ClInclude>
    <ClInclude Include="..\ThirdParty\assimp\include\mesh.h">
      <Filter>Source\ThirdParty\assimp</Filter>
    </ClInclude>
    <ClInclude Include="..\ThirdParty\assimp\include\metadata.h">
      <Filter>Source\ThirdParty\assimp</Filter>
    </ClInclude>
    <ClInclude Include="..\ThirdParty\assimp\include\NullLogger.hpp">
      <Filter>Source\ThirdParty\assimp</Filter>
    </ClInclude>
    <ClInclude Include="..\ThirdParty\assimp\include\port\AndroidJNI\AndroidJNIIOSystem.h">
      <Filter>Source\ThirdParty\assimp</Filter>
    </ClInclude>
    <ClInclude Include="..\ThirdParty\assimp\include\postprocess.h">
      <Filter>Source\ThirdParty\assimp</Filter>
    </ClInclude>
    <ClInclude Include="..\ThirdParty\assimp\include\ProgressHandler.hpp">
      <Filter>Source\ThirdParty\assimp</Filter>
    </ClInclude>
    <ClInclude Include="..\ThirdParty\assimp\include\quaternion.h">
      <Filter>Source\ThirdParty\assimp</Filter>
    </ClInclude>
    <ClInclude Include="..\ThirdParty\assimp\include\scene.h">
      <Filter>Source\ThirdParty\assimp</Filter>
    </ClInclude>
    <ClInclude Include="..\ThirdParty\assimp\include\texture.h">
      <Filter>Source\ThirdParty\assimp</Filter>
    </ClInclude>
    <ClInclude Include="..\ThirdParty\assimp\include\types.h">
      <Filter>Source\ThirdParty\assimp</Filter>
    </ClInclude>
    <ClInclude Include="..\ThirdParty\assimp\include\vector2.h">
      <Filter>Source\ThirdParty\assimp</Filter>
    </ClInclude>
    <ClInclude Include="..\ThirdParty\assimp\include\vector3.h">
      <Filter>Source\ThirdParty\assimp</Filter>
    </ClInclude>
    <ClInclude Include="..\ThirdParty\assimp\include\version.h">
      <Filter>Source\ThirdParty\assimp</Filter>
    </ClInclude>
    <ClInclude Include="..\ThirdParty\Effects11\include\D3DX11Effect.h">
      <Filter>Source\ThirdParty\Effects11</Filter>
    </ClInclude>
    <ClInclude Include="Source\AoAsset.h">
      <Filter>Source\Core\Asset</Filter>
    </ClInclude>
    <ClInclude Include="Source\AoAssetFactory.h">
      <Filter>Source\Core\Asset</Filter>
    </ClInclude>
    <ClInclude Include="Source\AoAssetManager.h">
      <Filter>Source\Core\Asset</Filter>
    </ClInclude>
    <ClInclude Include="Source\AoLevel.h">
      <Filter>Source\Core\Game</Filter>
    </ClInclude>
    <ClInclude Include="..\ThirdParty\WICTextureLoader\WICTextureLoader.h">
      <Filter>Source\ThirdParty\WICTextureLoader</Filter>
    </ClInclude>
    <ClInclude Include="..\ThirdParty\DDSTextureLoader\DDSTextureLoader.h">
      <Filter>Source\ThirdParty\DDSTextureLoader</Filter>
    </ClInclude>
    <ClInclude Include="Source\AoTransform.h">
      <Filter>Source\Core\Game</Filter>
    </ClInclude>
    <ClInclude Include="Source\AoMesh.h">
      <Filter>Source\Core\Rendering</Filter>
    </ClInclude>
    <ClInclude Include="Source\AoTexture2D.h">
      <Filter>Source\Core\Asset</Filter>
    </ClInclude>
    <ClInclude Include="Source\AoModel.h">
      <Filter>Source\Core\Asset</Filter>
    </ClInclude>
    <ClInclude Include="Source\AoShader.h">
      <Filter>Source\Core\Asset</Filter>
    </ClInclude>
    <ClInclude Include="Source\AoMeshRenderComponent.h">
      <Filter>Source\Core\Game</Filter>
    </ClInclude>
    <ClInclude Include="Source\AoCameraComponent.h">
      <Filter>Source\Core\Game</Filter>
    </ClInclude>
    <ClInclude Include="Source\AoMaterial.h">
      <Filter>Source\Core\Asset</Filter>
    </ClInclude>
    <ClInclude Include="..\ThirdParty\TinyXML2\tinyxml2.h">
      <Filter>Source\ThirdParty\TinyXML2</Filter>
    </ClInclude>
    <ClInclude Include="Source\AoGenericVertex.h">
      <Filter>Source\Core\Rendering</Filter>
    </ClInclude>
    <ClInclude Include="Source\AoStringUtility.h">
      <Filter>Source\Core\Utility</Filter>
    </ClInclude>
    <ClInclude Include="Source\AoLight.h">
      <Filter>Source\Core\Rendering</Filter>
    </ClInclude>
    <ClInclude Include="Source\AoLightComponent.h">
      <Filter>Source\Core\Game</Filter>
    </ClInclude>
    <ClInclude Include="Source\AoLightManager.h">
      <Filter>Source\Core\Rendering</Filter>
    </ClInclude>
    <ClInclude Include="Source\AoMaterialVectorProperty.h">
      <Filter>Source\Core\Rendering\Material Property</Filter>
    </ClInclude>
    <ClInclude Include="Source\AoMaterialBoolProperty.h">
      <Filter>Source\Core\Rendering\Material Property</Filter>
    </ClInclude>
    <ClInclude Include="Source\AoMaterialData.h">
      <Filter>Source\Core\Rendering\Material Property</Filter>
    </ClInclude>
    <ClInclude Include="Source\AoMaterialFloatProperty.h">
      <Filter>Source\Core\Rendering\Material Property</Filter>
    </ClInclude>
    <ClInclude Include="Source\AoMaterialIntProperty.h">
      <Filter>Source\Core\Rendering\Material Property</Filter>
    </ClInclude>
    <ClInclude Include="Source\AoMaterialMatrixProperty.h">
      <Filter>Source\Core\Rendering\Material Property</Filter>
    </ClInclude>
    <ClInclude Include="Source\AoMaterialProperty.h">
      <Filter>Source\Core\Rendering\Material Property</Filter>
    </ClInclude>
    <ClInclude Include="Source\AoMaterialTextureProperty.h">
      <Filter>Source\Core\Rendering\Material Property</Filter>
    </ClInclude>
    <ClInclude Include="Source\AoTestLevel.h">
      <Filter>Source\Tests</Filter>
    </ClInclude>
    <ClInclude Include="Source\AoProfiler.h">
      <Filter>Source\Core\Utility\Profiler</Filter>
    </ClInclude>
    <ClInclude Include="Source\AoProfileSample.h">
      <Filter>Source\Core\Utility\Profiler</Filter>
    </ClInclude>
    <ClInclude Include="Source\AoLogger.h">
      <Filter>Source\Core\Utility\Logger</Filter>
    </ClInclude>
    <ClInclude Include="Source\AoTimeManager.h">
      <Filter>Source\Core\Utility\Time</Filter>
    </ClInclude>
    <ClInclude Include="Source\AoType.h">
      <Filter>Source\Core\Utility</Filter>
    </ClInclude>
    <ClInclude Include="Source\AoApplication.h">
      <Filter>Source\Core\Application</Filter>
    </ClInclude>
    <ClInclude Include="Source\AoWindow.h">
      <Filter>Source\Core\Application</Filter>
    </ClInclude>
    <ClInclude Include="Source\WindowsInc.h">
      <Filter>Source\Core\Application</Filter>
    </ClInclude>
    <ClInclude Include="Source\WinProc.h">
      <Filter>Source\Core\Application</Filter>
    </ClInclude>
    <ClInclude Include="Source\AoMaterialManager.h">
      <Filter>Source\Core\Rendering</Filter>
    </ClInclude>
    <ClInclude Include="Source\AoTestActor.h">
      <Filter>Source\Tests</Filter>
    </ClInclude>
  </ItemGroup>
  <ItemGroup>
    <None Include="..\ThirdParty\assimp\include\color4.inl">
      <Filter>Source\ThirdParty\assimp</Filter>
    </None>
    <None Include="..\ThirdParty\assimp\include\material.inl">
      <Filter>Source\ThirdParty\assimp</Filter>
    </None>
    <None Include="..\ThirdParty\assimp\include\matrix3x3.inl">
      <Filter>Source\ThirdParty\assimp</Filter>
    </None>
    <None Include="..\ThirdParty\assimp\include\matrix4x4.inl">
      <Filter>Source\ThirdParty\assimp</Filter>
    </None>
    <None Include="..\ThirdParty\assimp\include\quaternion.inl">
      <Filter>Source\ThirdParty\assimp</Filter>
    </None>
    <None Include="..\ThirdParty\assimp\include\vector2.inl">
      <Filter>Source\ThirdParty\assimp</Filter>
    </None>
    <None Include="..\ThirdParty\assimp\include\vector3.inl">
      <Filter>Source\ThirdParty\assimp</Filter>
    </None>
    <None Include="Assets\Materials\Basic.material">
      <Filter>Assets\Materials</Filter>
    </None>
    <None Include="Assets\Models\Sphere.3ds">
      <Filter>Assets\Models</Filter>
    </None>
    <None Include="Assets\Models\bunny.obj">
      <Filter>Assets\Models</Filter>
    </None>
    <None Include="Assets\Shaders\Lights.fx">
      <Filter>Assets\Shaders</Filter>
    </None>
    <None Include="Assets\Shaders\ShaderStructure.fx">
      <Filter>Assets\Shaders</Filter>
    </None>
  </ItemGroup>
  <ItemGroup>
    <CustomBuild Include="Assets\Shaders\Basic.fx">
      <Filter>Assets\Shaders</Filter>
    </CustomBuild>
  </ItemGroup>
</Project>